
Microsoft Visual Studio Solution File, Format Version 12.00
# Visual Studio 15
VisualStudioVersion = 15.0.27130.2010
MinimumVisualStudioVersion = 10.0.40219.1
Project("{FAE04EC0-301F-11D3-BF4B-00C04F79EFBC}") = "Riot API", "Riot API\Riot API.csproj", "{4151279E-C375-4B77-8738-2B7B4776AC89}"
EndProject
Global
	GlobalSection(SolutionConfigurationPlatforms) = preSolution
		Debug|Any CPU = Debug|Any CPU
		Debug|x64 = Debug|x64
		Debug|x86 = Debug|x86
		Release|Any CPU = Release|Any CPU
		Release|x64 = Release|x64
		Release|x86 = Release|x86
	EndGlobalSection
	GlobalSection(ProjectConfigurationPlatforms) = postSolution
		{4151279E-C375-4B77-8738-2B7B4776AC89}.Debug|Any CPU.ActiveCfg = Debug|Any CPU
		{4151279E-C375-4B77-8738-2B7B4776AC89}.Debug|Any CPU.Build.0 = Debug|Any CPU
		{4151279E-C375-4B77-8738-2B7B4776AC89}.Debug|x64.ActiveCfg = Debug|x64
		{4151279E-C375-4B77-8738-2B7B4776AC89}.Debug|x64.Build.0 = Debug|x64
		{4151279E-C375-4B77-8738-2B7B4776AC89}.Debug|x86.ActiveCfg = Debug|x86
		{4151279E-C375-4B77-8738-2B7B4776AC89}.Debug|x86.Build.0 = Debug|x86
		{4151279E-C375-4B77-8738-2B7B4776AC89}.Release|Any CPU.ActiveCfg = Release|Any CPU
		{4151279E-C375-4B77-8738-2B7B4776AC89}.Release|Any CPU.Build.0 = Release|Any CPU
		{4151279E-C375-4B77-8738-2B7B4776AC89}.Release|x64.ActiveCfg = Release|x64
		{4151279E-C375-4B77-8738-2B7B4776AC89}.Release|x64.Build.0 = Release|x64
		{4151279E-C375-4B77-8738-2B7B4776AC89}.Release|x86.ActiveCfg = Release|x86
		{4151279E-C375-4B77-8738-2B7B4776AC89}.Release|x86.Build.0 = Release|x86
	EndGlobalSection
	GlobalSection(SolutionProperties) = preSolution
		HideSolutionNode = FALSE
	EndGlobalSection
	GlobalSection(ExtensibilityGlobals) = postSolution
		SolutionGuid = {19BAB843-0B3C-4227-8E7E-2C94044B4138}
	EndGlobalSection
EndGlobal
