
Microsoft Visual Studio Solution File, Format Version 12.00
# Visual Studio 15
VisualStudioVersion = 15.0.28010.2036
MinimumVisualStudioVersion = 10.0.40219.1
Project("{8BC9CEB8-8B4A-11D0-8D11-00A0C91BC942}") = "Connect Arduino C", "Connect Arduino C\Connect Arduino C.vcxproj", "{0B62FF50-B18A-4438-905B-34F7E295F869}"
EndProject
Global
	GlobalSection(SolutionConfigurationPlatforms) = preSolution
		Debug|x64 = Debug|x64
		Debug|x86 = Debug|x86
		Release|x64 = Release|x64
		Release|x86 = Release|x86
	EndGlobalSection
	GlobalSection(ProjectConfigurationPlatforms) = postSolution
		{0B62FF50-B18A-4438-905B-34F7E295F869}.Debug|x64.ActiveCfg = Debug|x64
		{0B62FF50-B18A-4438-905B-34F7E295F869}.Debug|x64.Build.0 = Debug|x64
		{0B62FF50-B18A-4438-905B-34F7E295F869}.Debug|x86.ActiveCfg = Debug|Win32
		{0B62FF50-B18A-4438-905B-34F7E295F869}.Debug|x86.Build.0 = Debug|Win32
		{0B62FF50-B18A-4438-905B-34F7E295F869}.Release|x64.ActiveCfg = Release|x64
		{0B62FF50-B18A-4438-905B-34F7E295F869}.Release|x64.Build.0 = Release|x64
		{0B62FF50-B18A-4438-905B-34F7E295F869}.Release|x86.ActiveCfg = Release|Win32
		{0B62FF50-B18A-4438-905B-34F7E295F869}.Release|x86.Build.0 = Release|Win32
	EndGlobalSection
	GlobalSection(SolutionProperties) = preSolution
		HideSolutionNode = FALSE
	EndGlobalSection
	GlobalSection(ExtensibilityGlobals) = postSolution
		SolutionGuid = {C35D36F6-CC10-4951-8757-287FC1C3711B}
	EndGlobalSection
EndGlobal
