
Microsoft Visual Studio Solution File, Format Version 12.00
# Visual Studio 15
VisualStudioVersion = 15.0.28010.2036
MinimumVisualStudioVersion = 10.0.40219.1
Project("{FAE04EC0-301F-11D3-BF4B-00C04F79EFBC}") = "PruebaAvisosLol", "PruebaAvisosLol\PruebaAvisosLol.csproj", "{186468BB-8709-488F-88E5-1622D5771366}"
EndProject
Global
	GlobalSection(SolutionConfigurationPlatforms) = preSolution
		Debug|Any CPU = Debug|Any CPU
		Release|Any CPU = Release|Any CPU
	EndGlobalSection
	GlobalSection(ProjectConfigurationPlatforms) = postSolution
		{186468BB-8709-488F-88E5-1622D5771366}.Debug|Any CPU.ActiveCfg = Debug|Any CPU
		{186468BB-8709-488F-88E5-1622D5771366}.Debug|Any CPU.Build.0 = Debug|Any CPU
		{186468BB-8709-488F-88E5-1622D5771366}.Release|Any CPU.ActiveCfg = Release|Any CPU
		{186468BB-8709-488F-88E5-1622D5771366}.Release|Any CPU.Build.0 = Release|Any CPU
	EndGlobalSection
	GlobalSection(SolutionProperties) = preSolution
		HideSolutionNode = FALSE
	EndGlobalSection
	GlobalSection(ExtensibilityGlobals) = postSolution
		SolutionGuid = {88B1B1C1-92D0-4F82-9CE9-D58809280012}
	EndGlobalSection
EndGlobal
