<?xml version="1.0" encoding="utf-8"?>
<Project ToolsVersion="4.0" xmlns="http://schemas.microsoft.com/developer/msbuild/2003">
  <ItemGroup>
    <Filter Include="Archivos de código fuente">
      <UniqueIdentifier>{4FC737F1-C7A5-4376-A066-2A32D752A2FF}</UniqueIdentifier>
      <Extensions>cpp;c;cc;cxx;def;odl;idl;hpj;bat;asm;asmx</Extensions>
    </Filter>
    <Filter Include="Archivos de encabezado">
      <UniqueIdentifier>{93995380-89BD-4b04-88EB-625FBE52EBFB}</UniqueIdentifier>
      <Extensions>h;hh;hpp;hxx;hm;inl;inc;xsd</Extensions>
    </Filter>
    <Filter Include="Archivos de recursos">
      <UniqueIdentifier>{67DA6AB6-F800-4c08-8B7A-83BB121AAD01}</UniqueIdentifier>
      <Extensions>rc;ico;cur;bmp;dlg;rc2;rct;bin;rgs;gif;jpg;jpeg;jpe;resx;tiff;tif;png;wav;mfcribbon-ms</Extensions>
    </Filter>
    <Filter Include="Archivos de encabezado\ext">
      <UniqueIdentifier>{37ea6d2c-ec58-4195-ad2d-e70973f969f4}</UniqueIdentifier>
    </Filter>
    <Filter Include="Archivos de código fuente\ext">
      <UniqueIdentifier>{98c7b7a1-dac1-40fa-8cce-703bc5a3257d}</UniqueIdentifier>
    </Filter>
    <Filter Include="Archivos de encabezado\ext\freetype">
      <UniqueIdentifier>{0904cd5f-5362-403a-9e3c-f88f9a0a8676}</UniqueIdentifier>
    </Filter>
    <Filter Include="Archivos de código fuente\ext\freetype">
      <UniqueIdentifier>{db58b224-506c-4ae3-919f-fe40be121d13}</UniqueIdentifier>
    </Filter>
    <Filter Include="Archivos de código fuente\ext\freetype\FT_MODULES">
      <UniqueIdentifier>{2dd06b48-459a-43df-ba2a-9b94072ad4d3}</UniqueIdentifier>
    </Filter>
    <Filter Include="Archivos de código fuente\ext\freetype-gl">
      <UniqueIdentifier>{1e27e370-b8f8-4c17-91e3-aae2309dca6d}</UniqueIdentifier>
    </Filter>
    <Filter Include="Archivos de encabezado\ext\freetype-gl">
      <UniqueIdentifier>{0a43d48a-db5c-4f9c-abf5-99bf706a38c7}</UniqueIdentifier>
    </Filter>
    <Filter Include="Archivos de código fuente\graphics">
      <UniqueIdentifier>{8044cf26-32b2-4192-b014-360619518766}</UniqueIdentifier>
    </Filter>
    <Filter Include="Archivos de código fuente\maths">
      <UniqueIdentifier>{b6ffe142-60e0-444e-85e8-af93c00c38b6}</UniqueIdentifier>
    </Filter>
    <Filter Include="Archivos de código fuente\graphics\buffers">
      <UniqueIdentifier>{98a701ae-da01-435c-a04a-3a8c56bc8867}</UniqueIdentifier>
    </Filter>
    <Filter Include="Archivos de código fuente\graphics\layers">
      <UniqueIdentifier>{8e383481-9c9b-4f15-9ea2-b8d59f1b5cd8}</UniqueIdentifier>
    </Filter>
    <Filter Include="Archivos de código fuente\graphics\renderables">
      <UniqueIdentifier>{2ff8a4e1-4d19-420b-b0ba-c45c4cd6ded0}</UniqueIdentifier>
    </Filter>
    <Filter Include="Archivos de encabezado\graphics">
      <UniqueIdentifier>{1b646531-16af-45de-90d3-ffacf5e977c7}</UniqueIdentifier>
    </Filter>
    <Filter Include="Archivos de encabezado\graphics\buffers">
      <UniqueIdentifier>{fcceacff-46cd-47c6-87c0-435d5ccdd45b}</UniqueIdentifier>
    </Filter>
    <Filter Include="Archivos de encabezado\graphics\layers">
      <UniqueIdentifier>{76519bed-e4e3-47ba-a4d1-a83c887a5484}</UniqueIdentifier>
    </Filter>
    <Filter Include="Archivos de encabezado\maths">
      <UniqueIdentifier>{cc0734cf-d942-4dd1-a374-c26f486a5a71}</UniqueIdentifier>
    </Filter>
    <Filter Include="Archivos de encabezado\utils">
      <UniqueIdentifier>{8259e2e6-0e40-4e48-a44a-99e772394d6a}</UniqueIdentifier>
    </Filter>
    <Filter Include="Archivos de encabezado\graphics\renderables">
      <UniqueIdentifier>{275e559e-081b-4a9c-8499-f6c89ebbeaba}</UniqueIdentifier>
    </Filter>
    <Filter Include="Shaders">
      <UniqueIdentifier>{b735778c-6098-456e-8eb3-ec341e85c43f}</UniqueIdentifier>
    </Filter>
    <Filter Include="Archivos de código fuente\ext\gorilla audio">
      <UniqueIdentifier>{d3f13057-db05-4e58-81f5-086aa27714ea}</UniqueIdentifier>
    </Filter>
    <Filter Include="Archivos de encabezado\ext\gorilla audio">
      <UniqueIdentifier>{af359e45-4999-4f13-8fa4-5b1da7ab03d4}</UniqueIdentifier>
    </Filter>
    <Filter Include="Archivos de código fuente\audio">
      <UniqueIdentifier>{a56dc7e2-f77f-4d5c-aca0-d3859e8d21e9}</UniqueIdentifier>
    </Filter>
    <Filter Include="Archivos de encabezado\audio">
      <UniqueIdentifier>{3beffe3e-983c-458f-add9-ab023c89406b}</UniqueIdentifier>
    </Filter>
  </ItemGroup>
  <ItemGroup>
    <ClCompile Include="main.cpp">
      <Filter>Archivos de código fuente</Filter>
    </ClCompile>
    <ClCompile Include="ext\freetype-gl\platform.c">
      <Filter>Archivos de código fuente\ext\freetype-gl</Filter>
    </ClCompile>
    <ClCompile Include="ext\freetype-gl\texture-atlas.c">
      <Filter>Archivos de código fuente\ext\freetype-gl</Filter>
    </ClCompile>
    <ClCompile Include="ext\freetype-gl\texture-font.c">
      <Filter>Archivos de código fuente\ext\freetype-gl</Filter>
    </ClCompile>
    <ClCompile Include="ext\freetype-gl\vector.c">
      <Filter>Archivos de código fuente\ext\freetype-gl</Filter>
    </ClCompile>
    <ClCompile Include="ext\freetype\src\base\ftbbox.c">
      <Filter>Archivos de código fuente\ext\freetype\FT_MODULES</Filter>
    </ClCompile>
    <ClCompile Include="ext\freetype\src\base\ftfntfmt.c">
      <Filter>Archivos de código fuente\ext\freetype\FT_MODULES</Filter>
    </ClCompile>
    <ClCompile Include="ext\freetype\src\base\ftgxval.c">
      <Filter>Archivos de código fuente\ext\freetype\FT_MODULES</Filter>
    </ClCompile>
    <ClCompile Include="ext\freetype\src\base\ftlcdfil.c">
      <Filter>Archivos de código fuente\ext\freetype\FT_MODULES</Filter>
    </ClCompile>
    <ClCompile Include="ext\freetype\src\base\ftmm.c">
      <Filter>Archivos de código fuente\ext\freetype\FT_MODULES</Filter>
    </ClCompile>
    <ClCompile Include="ext\freetype\src\base\ftotval.c">
      <Filter>Archivos de código fuente\ext\freetype\FT_MODULES</Filter>
    </ClCompile>
    <ClCompile Include="ext\freetype\src\base\ftpfr.c">
      <Filter>Archivos de código fuente\ext\freetype\FT_MODULES</Filter>
    </ClCompile>
    <ClCompile Include="ext\freetype\src\base\ftsynth.c">
      <Filter>Archivos de código fuente\ext\freetype\FT_MODULES</Filter>
    </ClCompile>
    <ClCompile Include="ext\freetype\src\base\fttype1.c">
      <Filter>Archivos de código fuente\ext\freetype\FT_MODULES</Filter>
    </ClCompile>
    <ClCompile Include="ext\freetype\src\base\ftwinfnt.c">
      <Filter>Archivos de código fuente\ext\freetype\FT_MODULES</Filter>
    </ClCompile>
    <ClCompile Include="ext\freetype\src\base\ftpatent.c">
      <Filter>Archivos de código fuente\ext\freetype\FT_MODULES</Filter>
    </ClCompile>
    <ClCompile Include="ext\freetype\src\pcf\pcf.c">
      <Filter>Archivos de código fuente\ext\freetype\FT_MODULES</Filter>
    </ClCompile>
    <ClCompile Include="ext\freetype\src\pfr\pfr.c">
      <Filter>Archivos de código fuente\ext\freetype\FT_MODULES</Filter>
    </ClCompile>
    <ClCompile Include="ext\freetype\src\psaux\psaux.c">
      <Filter>Archivos de código fuente\ext\freetype\FT_MODULES</Filter>
    </ClCompile>
    <ClCompile Include="ext\freetype\src\pshinter\pshinter.c">
      <Filter>Archivos de código fuente\ext\freetype\FT_MODULES</Filter>
    </ClCompile>
    <ClCompile Include="ext\freetype\src\psnames\psmodule.c">
      <Filter>Archivos de código fuente\ext\freetype\FT_MODULES</Filter>
    </ClCompile>
    <ClCompile Include="ext\freetype\src\truetype\truetype.c">
      <Filter>Archivos de código fuente\ext\freetype\FT_MODULES</Filter>
    </ClCompile>
    <ClCompile Include="ext\freetype\src\type1\type1.c">
      <Filter>Archivos de código fuente\ext\freetype\FT_MODULES</Filter>
    </ClCompile>
    <ClCompile Include="ext\freetype\src\cid\type1cid.c">
      <Filter>Archivos de código fuente\ext\freetype\FT_MODULES</Filter>
    </ClCompile>
    <ClCompile Include="ext\freetype\src\type42\type42.c">
      <Filter>Archivos de código fuente\ext\freetype\FT_MODULES</Filter>
    </ClCompile>
    <ClCompile Include="ext\freetype\src\sfnt\sfnt.c">
      <Filter>Archivos de código fuente\ext\freetype\FT_MODULES</Filter>
    </ClCompile>
    <ClCompile Include="ext\freetype\src\raster\raster.c">
      <Filter>Archivos de código fuente\ext\freetype\FT_MODULES</Filter>
    </ClCompile>
    <ClCompile Include="ext\freetype\src\winfonts\winfnt.c">
      <Filter>Archivos de código fuente\ext\freetype\FT_MODULES</Filter>
    </ClCompile>
    <ClCompile Include="ext\freetype\src\autofit\autofit.c">
      <Filter>Archivos de código fuente\ext\freetype</Filter>
    </ClCompile>
    <ClCompile Include="ext\freetype\src\bdf\bdf.c">
      <Filter>Archivos de código fuente\ext\freetype</Filter>
    </ClCompile>
    <ClCompile Include="ext\freetype\src\cff\cff.c">
      <Filter>Archivos de código fuente\ext\freetype</Filter>
    </ClCompile>
    <ClCompile Include="ext\freetype\src\base\ftbase.c">
      <Filter>Archivos de código fuente\ext\freetype</Filter>
    </ClCompile>
    <ClCompile Include="ext\freetype\src\base\ftbitmap.c">
      <Filter>Archivos de código fuente\ext\freetype</Filter>
    </ClCompile>
    <ClCompile Include="ext\freetype\src\cache\ftcache.c">
      <Filter>Archivos de código fuente\ext\freetype</Filter>
    </ClCompile>
    <ClCompile Include="ext\freetype\src\base\ftdebug.c">
      <Filter>Archivos de código fuente\ext\freetype</Filter>
    </ClCompile>
    <ClCompile Include="ext\freetype\src\base\ftfstype.c">
      <Filter>Archivos de código fuente\ext\freetype</Filter>
    </ClCompile>
    <ClCompile Include="ext\freetype\src\base\ftgasp.c">
      <Filter>Archivos de código fuente\ext\freetype</Filter>
    </ClCompile>
    <ClCompile Include="ext\freetype\src\base\ftglyph.c">
      <Filter>Archivos de código fuente\ext\freetype</Filter>
    </ClCompile>
    <ClCompile Include="ext\freetype\src\gzip\ftgzip.c">
      <Filter>Archivos de código fuente\ext\freetype</Filter>
    </ClCompile>
    <ClCompile Include="ext\freetype\src\base\ftinit.c">
      <Filter>Archivos de código fuente\ext\freetype</Filter>
    </ClCompile>
    <ClCompile Include="ext\freetype\src\lzw\ftlzw.c">
      <Filter>Archivos de código fuente\ext\freetype</Filter>
    </ClCompile>
    <ClCompile Include="ext\freetype\src\base\ftstroke.c">
      <Filter>Archivos de código fuente\ext\freetype</Filter>
    </ClCompile>
    <ClCompile Include="ext\freetype\src\base\ftsystem.c">
      <Filter>Archivos de código fuente\ext\freetype</Filter>
    </ClCompile>
    <ClCompile Include="ext\freetype\src\smooth\smooth.c">
      <Filter>Archivos de código fuente\ext\freetype</Filter>
    </ClCompile>
    <ClCompile Include="src\maths\Vec4f.cpp">
      <Filter>Archivos de código fuente\maths</Filter>
    </ClCompile>
    <ClCompile Include="src\maths\Vec2f.cpp">
      <Filter>Archivos de código fuente\maths</Filter>
    </ClCompile>
    <ClCompile Include="src\maths\Vec3f.cpp">
      <Filter>Archivos de código fuente\maths</Filter>
    </ClCompile>
    <ClCompile Include="src\maths\Mat4.cpp">
      <Filter>Archivos de código fuente\maths</Filter>
    </ClCompile>
    <ClCompile Include="src\graphics\BatchRenderer2D.cpp">
      <Filter>Archivos de código fuente\graphics</Filter>
    </ClCompile>
    <ClCompile Include="src\graphics\Shader.cpp">
      <Filter>Archivos de código fuente\graphics</Filter>
    </ClCompile>
    <ClCompile Include="src\graphics\Texture.cpp">
      <Filter>Archivos de código fuente\graphics</Filter>
    </ClCompile>
    <ClCompile Include="src\graphics\Window.cpp">
      <Filter>Archivos de código fuente\graphics</Filter>
    </ClCompile>
    <ClCompile Include="src\graphics\layers\Group.cpp">
      <Filter>Archivos de código fuente\graphics\layers</Filter>
    </ClCompile>
    <ClCompile Include="src\graphics\Label.cpp">
      <Filter>Archivos de código fuente\graphics\layers</Filter>
    </ClCompile>
    <ClCompile Include="src\graphics\layers\Layer.cpp">
      <Filter>Archivos de código fuente\graphics\layers</Filter>
    </ClCompile>
    <ClCompile Include="src\graphics\buffers\Buffer.cpp">
      <Filter>Archivos de código fuente\graphics\buffers</Filter>
    </ClCompile>
    <ClCompile Include="src\graphics\buffers\Indexbuffer.cpp">
      <Filter>Archivos de código fuente\graphics\buffers</Filter>
    </ClCompile>
    <ClCompile Include="src\graphics\buffers\vertexarray.cpp">
      <Filter>Archivos de código fuente\graphics\buffers</Filter>
    </ClCompile>
    <ClCompile Include="src\graphics\Sprite.cpp">
      <Filter>Archivos de código fuente\graphics\renderables</Filter>
    </ClCompile>
    <ClCompile Include="ext\gorilla-audio\ga.c">
      <Filter>Archivos de código fuente\ext\gorilla audio</Filter>
    </ClCompile>
    <ClCompile Include="ext\gorilla-audio\devices\ga_openal.c">
      <Filter>Archivos de código fuente\ext\gorilla audio</Filter>
    </ClCompile>
    <ClCompile Include="ext\gorilla-audio\ga_stream.c">
      <Filter>Archivos de código fuente\ext\gorilla audio</Filter>
    </ClCompile>
    <ClCompile Include="ext\gorilla-audio\gau.c">
      <Filter>Archivos de código fuente\ext\gorilla audio</Filter>
    </ClCompile>
    <ClCompile Include="ext\gorilla-audio\common\gc_common.c">
      <Filter>Archivos de código fuente\ext\gorilla audio</Filter>
    </ClCompile>
    <ClCompile Include="ext\gorilla-audio\common\gc_thread.c">
      <Filter>Archivos de código fuente\ext\gorilla audio</Filter>
    </ClCompile>
    <ClCompile Include="src\graphics\Font.cpp">
      <Filter>Archivos de código fuente</Filter>
    </ClCompile>
    <ClCompile Include="src\graphics\FontManager.cpp">
      <Filter>Archivos de código fuente</Filter>
    </ClCompile>
    <ClCompile Include="src\audio\SoundManager.cpp">
      <Filter>Archivos de código fuente\audio</Filter>
    </ClCompile>
    <ClCompile Include="src\audio\Sound.cpp">
      <Filter>Archivos de código fuente\audio</Filter>
    </ClCompile>
    <ClCompile Include="TileLayer.cpp">
      <Filter>Archivos de código fuente\graphics\layers</Filter>
    </ClCompile>
    <ClCompile Include="src\graphics\TextureManager.cpp">
      <Filter>Archivos de código fuente</Filter>
    </ClCompile>
  </ItemGroup>
  <ItemGroup>
    <ClInclude Include="ext\freetype\include\ft2build.h">
      <Filter>Archivos de encabezado\ext\freetype</Filter>
    </ClInclude>
    <ClInclude Include="ext\freetype\include\freetype\config\ftconfig.h">
      <Filter>Archivos de encabezado\ext\freetype</Filter>
    </ClInclude>
    <ClInclude Include="ext\freetype\include\freetype\config\ftheader.h">
      <Filter>Archivos de encabezado\ext\freetype</Filter>
    </ClInclude>
    <ClInclude Include="ext\freetype\include\freetype\config\ftmodule.h">
      <Filter>Archivos de encabezado\ext\freetype</Filter>
    </ClInclude>
    <ClInclude Include="ext\freetype\include\freetype\config\ftoption.h">
      <Filter>Archivos de encabezado\ext\freetype</Filter>
    </ClInclude>
    <ClInclude Include="ext\freetype\include\freetype\config\ftstdlib.h">
      <Filter>Archivos de encabezado\ext\freetype</Filter>
    </ClInclude>
    <ClInclude Include="ext\freetype-gl\freetype-gl.h">
      <Filter>Archivos de encabezado\ext\freetype-gl</Filter>
    </ClInclude>
    <ClInclude Include="ext\freetype-gl\opengl.h">
      <Filter>Archivos de encabezado\ext\freetype-gl</Filter>
    </ClInclude>
    <ClInclude Include="ext\freetype-gl\platform.h">
      <Filter>Archivos de encabezado\ext\freetype-gl</Filter>
    </ClInclude>
    <ClInclude Include="ext\freetype-gl\texture-atlas.h">
      <Filter>Archivos de encabezado\ext\freetype-gl</Filter>
    </ClInclude>
    <ClInclude Include="ext\freetype-gl\texture-font.h">
      <Filter>Archivos de encabezado\ext\freetype-gl</Filter>
    </ClInclude>
    <ClInclude Include="ext\freetype-gl\vec234.h">
      <Filter>Archivos de encabezado\ext\freetype-gl</Filter>
    </ClInclude>
    <ClInclude Include="ext\freetype-gl\vector.h">
      <Filter>Archivos de encabezado\ext\freetype-gl</Filter>
    </ClInclude>
    <ClInclude Include="src\utils\file_utils.h">
      <Filter>Archivos de encabezado\utils</Filter>
    </ClInclude>
    <ClInclude Include="src\utils\ImageLoad.h">
      <Filter>Archivos de encabezado\utils</Filter>
    </ClInclude>
    <ClInclude Include="src\graphics\Label.h">
      <Filter>Archivos de encabezado\graphics\layers</Filter>
    </ClInclude>
    <ClInclude Include="src\graphics\layers\Layer.h">
      <Filter>Archivos de encabezado\graphics\layers</Filter>
    </ClInclude>
    <ClInclude Include="src\utils\Timer.h">
      <Filter>Archivos de encabezado\utils</Filter>
    </ClInclude>
    <ClInclude Include="src\maths\maths.h">
      <Filter>Archivos de encabezado\maths</Filter>
    </ClInclude>
    <ClInclude Include="src\maths\Mat4.h">
      <Filter>Archivos de encabezado\maths</Filter>
    </ClInclude>
    <ClInclude Include="src\maths\Vec4f.h">
      <Filter>Archivos de encabezado\maths</Filter>
    </ClInclude>
    <ClInclude Include="src\maths\Vec3f.h">
      <Filter>Archivos de encabezado\maths</Filter>
    </ClInclude>
    <ClInclude Include="src\maths\Vec2f.h">
      <Filter>Archivos de encabezado\maths</Filter>
    </ClInclude>
    <ClInclude Include="src\maths\Maths_func.h">
      <Filter>Archivos de encabezado\maths</Filter>
    </ClInclude>
    <ClInclude Include="src\graphics\BatchRenderer2D.h">
      <Filter>Archivos de encabezado\graphics</Filter>
    </ClInclude>
    <ClInclude Include="src\graphics\Renderer2D.h">
      <Filter>Archivos de encabezado\graphics</Filter>
    </ClInclude>
    <ClInclude Include="src\graphics\Shader.h">
      <Filter>Archivos de encabezado\graphics</Filter>
    </ClInclude>
    <ClInclude Include="src\graphics\Texture.h">
      <Filter>Archivos de encabezado\graphics</Filter>
    </ClInclude>
    <ClInclude Include="src\graphics\Window.h">
      <Filter>Archivos de encabezado\graphics</Filter>
    </ClInclude>
    <ClInclude Include="src\graphics\buffers\Buffer.h">
      <Filter>Archivos de encabezado\graphics\buffers</Filter>
    </ClInclude>
    <ClInclude Include="src\graphics\buffers\Indexbuffer.h">
      <Filter>Archivos de encabezado\graphics\buffers</Filter>
    </ClInclude>
    <ClInclude Include="src\graphics\buffers\Vertexarray.h">
      <Filter>Archivos de encabezado\graphics\buffers</Filter>
    </ClInclude>
    <ClInclude Include="src\graphics\layers\Group.h">
      <Filter>Archivos de encabezado\graphics\layers</Filter>
    </ClInclude>
    <ClInclude Include="src\graphics\Sprite.h">
      <Filter>Archivos de encabezado\graphics\renderables</Filter>
    </ClInclude>
    <ClInclude Include="src\graphics\Renderable2D.h">
      <Filter>Archivos de encabezado\graphics\renderables</Filter>
    </ClInclude>
    <ClInclude Include="src\utils\ColorFormat.h">
      <Filter>Archivos de encabezado\utils</Filter>
    </ClInclude>
    <ClInclude Include="ext\gorilla-audio\ga.h">
      <Filter>Archivos de encabezado\ext\gorilla audio</Filter>
    </ClInclude>
    <ClInclude Include="ext\gorilla-audio\ga_internal.h">
      <Filter>Archivos de encabezado\ext\gorilla audio</Filter>
    </ClInclude>
    <ClInclude Include="ext\gorilla-audio\devices\ga_openal.h">
      <Filter>Archivos de encabezado\ext\gorilla audio</Filter>
    </ClInclude>
    <ClInclude Include="ext\gorilla-audio\gau.h">
      <Filter>Archivos de encabezado\ext\gorilla audio</Filter>
    </ClInclude>
    <ClInclude Include="ext\gorilla-audio\common\gc_common.h">
      <Filter>Archivos de encabezado\ext\gorilla audio</Filter>
    </ClInclude>
    <ClInclude Include="ext\gorilla-audio\common\gc_thread.h">
      <Filter>Archivos de encabezado\ext\gorilla audio</Filter>
    </ClInclude>
    <ClInclude Include="ext\gorilla-audio\common\gc_types.h">
      <Filter>Archivos de encabezado\ext\gorilla audio</Filter>
    </ClInclude>
    <ClInclude Include="src\graphics\FontManager.h">
      <Filter>Archivos de encabezado</Filter>
    </ClInclude>
    <ClInclude Include="src\graphics\Font.h">
      <Filter>Archivos de encabezado</Filter>
    </ClInclude>
    <ClInclude Include="src\audio\SoundManager.h">
      <Filter>Archivos de encabezado\audio</Filter>
    </ClInclude>
    <ClInclude Include="src\audio\Sound.h">
      <Filter>Archivos de encabezado\audio</Filter>
    </ClInclude>
    <ClInclude Include="src\utils\StringUtils.h">
      <Filter>Archivos de encabezado\utils</Filter>
    </ClInclude>
    <ClInclude Include="TileLayer.h">
      <Filter>Archivos de encabezado\graphics\layers</Filter>
    </ClInclude>
    <ClInclude Include="src\Sparky.h">
      <Filter>Archivos de encabezado</Filter>
    </ClInclude>
    <ClInclude Include="src\graphics\TextureManager.h">
      <Filter>Archivos de encabezado</Filter>
    </ClInclude>
    <ClInclude Include="src\utils\Log.h">
      <Filter>Archivos de encabezado</Filter>
    </ClInclude>
    <ClInclude Include="src\SparkyGl.h">
      <Filter>Archivos de encabezado</Filter>
    </ClInclude>
  </ItemGroup>
</Project>